Microsoft Visual Studio Solution File, Format Version 12.00
# Visual Studio 2012
Project("{FAE04EC0-301F-11D3-BF4B-00C04F79EFBC}") = "BatchTopUpClient", "BatchTopUpClient\BatchTopUpClient.csproj", "{1FFA5905-2F83-4331-85C1-0F173949F0FF}"
EndProject
Global
	GlobalSection(SolutionConfigurationPlatforms) = preSolution
		Debug|Any CPU = Debug|Any CPU
		Release|Any CPU = Release|Any CPU
	EndGlobalSection
	GlobalSection(ProjectConfigurationPlatforms) = postSolution
		{1FFA5905-2F83-4331-85C1-0F173949F0FF}.Debug|Any CPU.ActiveCfg = Debug|Any CPU
		{1FFA5905-2F83-4331-85C1-0F173949F0FF}.Debug|Any CPU.Build.0 = Debug|Any CPU
		{1FFA5905-2F83-4331-85C1-0F173949F0FF}.Release|Any CPU.ActiveCfg = Release|Any CPU
		{1FFA5905-2F83-4331-85C1-0F173949F0FF}.Release|Any CPU.Build.0 = Release|Any CPU
	EndGlobalSection
	GlobalSection(SolutionProperties) = preSolution
		HideSolutionNode = FALSE
	EndGlobalSection
EndGlobal
